
Microsoft Visual Studio Solution File, Format Version 12.00
# Visual Studio Version 17
VisualStudioVersion = 17.7.34024.191
MinimumVisualStudioVersion = 10.0.40219.1
Project("{9A19103F-16F7-4668-BE54-9A1E7A4F7556}") = "Ex_1.1", "Ex_1.1\Ex_1.1.csproj", "{E49851A7-CEFA-4134-8ADC-D523EE9C2CA9}"
EndProject
Project("{9A19103F-16F7-4668-BE54-9A1E7A4F7556}") = "Ex_1.2", "Ex_1.2\Ex_1.2.csproj", "{EA1E9D73-A5E7-4867-AA5F-6A026007E4C8}"
EndProject
Project("{9A19103F-16F7-4668-BE54-9A1E7A4F7556}") = "Ex_2.1", "Ex_2.1\Ex_2.1.csproj", "{A93D1440-D95A-433F-AC53-251A3C217A7E}"
EndProject
Project("{9A19103F-16F7-4668-BE54-9A1E7A4F7556}") = "Ex_2.5", "Ex_2.5\Ex_2.5.csproj", "{D32DBBD9-A7BB-4C6B-91EA-EC9AEBC2DA9E}"
EndProject
Project("{9A19103F-16F7-4668-BE54-9A1E7A4F7556}") = "Ex_3.4", "Ex_3.4\Ex_3.4.csproj", "{7BE04767-661B-47A7-8E70-28E3B34127F1}"
EndProject
Project("{9A19103F-16F7-4668-BE54-9A1E7A4F7556}") = "Ex_3.11", "Ex_3.11\Ex_3.11.csproj", "{04249DF9-CC2F-4943-A3D3-AEC8D5BA24B6}"
EndProject
Project("{FAE04EC0-301F-11D3-BF4B-00C04F79EFBC}") = "Ex_3.12", "Ex_3.12\Ex_3.12.csproj", "{7CF1C74E-40F4-48B3-BA76-971E6201B396}"
EndProject
Global
	GlobalSection(SolutionConfigurationPlatforms) = preSolution
		Debug|Any CPU = Debug|Any CPU
		Release|Any CPU = Release|Any CPU
	EndGlobalSection
	GlobalSection(ProjectConfigurationPlatforms) = postSolution
		{E49851A7-CEFA-4134-8ADC-D523EE9C2CA9}.Debug|Any CPU.ActiveCfg = Debug|Any CPU
		{E49851A7-CEFA-4134-8ADC-D523EE9C2CA9}.Debug|Any CPU.Build.0 = Debug|Any CPU
		{E49851A7-CEFA-4134-8ADC-D523EE9C2CA9}.Release|Any CPU.ActiveCfg = Release|Any CPU
		{E49851A7-CEFA-4134-8ADC-D523EE9C2CA9}.Release|Any CPU.Build.0 = Release|Any CPU
		{EA1E9D73-A5E7-4867-AA5F-6A026007E4C8}.Debug|Any CPU.ActiveCfg = Debug|Any CPU
		{EA1E9D73-A5E7-4867-AA5F-6A026007E4C8}.Debug|Any CPU.Build.0 = Debug|Any CPU
		{EA1E9D73-A5E7-4867-AA5F-6A026007E4C8}.Release|Any CPU.ActiveCfg = Release|Any CPU
		{EA1E9D73-A5E7-4867-AA5F-6A026007E4C8}.Release|Any CPU.Build.0 = Release|Any CPU
		{A93D1440-D95A-433F-AC53-251A3C217A7E}.Debug|Any CPU.ActiveCfg = Debug|Any CPU
		{A93D1440-D95A-433F-AC53-251A3C217A7E}.Debug|Any CPU.Build.0 = Debug|Any CPU
		{A93D1440-D95A-433F-AC53-251A3C217A7E}.Release|Any CPU.ActiveCfg = Release|Any CPU
		{A93D1440-D95A-433F-AC53-251A3C217A7E}.Release|Any CPU.Build.0 = Release|Any CPU
		{D32DBBD9-A7BB-4C6B-91EA-EC9AEBC2DA9E}.Debug|Any CPU.ActiveCfg = Debug|Any CPU
		{D32DBBD9-A7BB-4C6B-91EA-EC9AEBC2DA9E}.Debug|Any CPU.Build.0 = Debug|Any CPU
		{D32DBBD9-A7BB-4C6B-91EA-EC9AEBC2DA9E}.Release|Any CPU.ActiveCfg = Release|Any CPU
		{D32DBBD9-A7BB-4C6B-91EA-EC9AEBC2DA9E}.Release|Any CPU.Build.0 = Release|Any CPU
		{7BE04767-661B-47A7-8E70-28E3B34127F1}.Debug|Any CPU.ActiveCfg = Debug|Any CPU
		{7BE04767-661B-47A7-8E70-28E3B34127F1}.Debug|Any CPU.Build.0 = Debug|Any CPU
		{7BE04767-661B-47A7-8E70-28E3B34127F1}.Release|Any CPU.ActiveCfg = Release|Any CPU
		{7BE04767-661B-47A7-8E70-28E3B34127F1}.Release|Any CPU.Build.0 = Release|Any CPU
		{04249DF9-CC2F-4943-A3D3-AEC8D5BA24B6}.Debug|Any CPU.ActiveCfg = Debug|Any CPU
		{04249DF9-CC2F-4943-A3D3-AEC8D5BA24B6}.Debug|Any CPU.Build.0 = Debug|Any CPU
		{04249DF9-CC2F-4943-A3D3-AEC8D5BA24B6}.Release|Any CPU.ActiveCfg = Release|Any CPU
		{04249DF9-CC2F-4943-A3D3-AEC8D5BA24B6}.Release|Any CPU.Build.0 = Release|Any CPU
		{7CF1C74E-40F4-48B3-BA76-971E6201B396}.Debug|Any CPU.ActiveCfg = Debug|Any CPU
		{7CF1C74E-40F4-48B3-BA76-971E6201B396}.Debug|Any CPU.Build.0 = Debug|Any CPU
		{7CF1C74E-40F4-48B3-BA76-971E6201B396}.Release|Any CPU.ActiveCfg = Release|Any CPU
		{7CF1C74E-40F4-48B3-BA76-971E6201B396}.Release|Any CPU.Build.0 = Release|Any CPU
	EndGlobalSection
	GlobalSection(SolutionProperties) = preSolution
		HideSolutionNode = FALSE
	EndGlobalSection
	GlobalSection(ExtensibilityGlobals) = postSolution
		SolutionGuid = {5165FBF2-0793-49D6-BFAE-A0770ED8CA07}
	EndGlobalSection
EndGlobal
